// !$*UTF8*$!
{
	archiveVersion = 1;
	classes = {
	};
	objectVersion = 56;
	objects = {

/* Begin PBXBuildFile section */
		5645BDDC2B0AA52700BC50FC /* SwiftUICryptoApp.swift in Sources */ = {isa = PBXBuildFile; fileRef = 5645BDDB2B0AA52700BC50FC /* SwiftUICryptoApp.swift */; };
		5645BDDE2B0AA52700BC50FC /* ContentView.swift in Sources */ = {isa = PBXBuildFile; fileRef = 5645BDDD2B0AA52700BC50FC /* ContentView.swift */; };
		5645BDE02B0AA52900BC50FC /* Assets.xcassets in Resources */ = {isa = PBXBuildFile; fileRef = 5645BDDF2B0AA52900BC50FC /* Assets.xcassets */; };
		5645BDE32B0AA52900BC50FC /* Preview Assets.xcassets in Resources */ = {isa = PBXBuildFile; fileRef = 5645BDE22B0AA52900BC50FC /* Preview Assets.xcassets */; };
		5645BDED2B0AA7BE00BC50FC /* Color.swift in Sources */ = {isa = PBXBuildFile; fileRef = 5645BDEC2B0AA7BE00BC50FC /* Color.swift */; };
		5645BDF32B0AA99300BC50FC /* HomeView.swift in Sources */ = {isa = PBXBuildFile; fileRef = 5645BDF22B0AA99300BC50FC /* HomeView.swift */; };
		5645BDF72B0AAA9500BC50FC /* CircleButtonView.swift in Sources */ = {isa = PBXBuildFile; fileRef = 5645BDF62B0AAA9500BC50FC /* CircleButtonView.swift */; };
		565A0DDB2B0FBF2D0070C070 /* CoinDataService.swift in Sources */ = {isa = PBXBuildFile; fileRef = 565A0DDA2B0FBF2D0070C070 /* CoinDataService.swift */; };
		56BE40382B0F50DF0074383C /* CircleButtonAnimationView.swift in Sources */ = {isa = PBXBuildFile; fileRef = 56BE40372B0F50DF0074383C /* CircleButtonAnimationView.swift */; };
		56BE403B2B0F57770074383C /* CoinModel.swift in Sources */ = {isa = PBXBuildFile; fileRef = 56BE403A2B0F57770074383C /* CoinModel.swift */; };
		56BE403D2B0F60150074383C /* CoinRowView.swift in Sources */ = {isa = PBXBuildFile; fileRef = 56BE403C2B0F60150074383C /* CoinRowView.swift */; };
		56BE403F2B0F605F0074383C /* PreviewProvider.swift in Sources */ = {isa = PBXBuildFile; fileRef = 56BE403E2B0F605F0074383C /* PreviewProvider.swift */; };
		56BE40412B0F638D0074383C /* Double.swift in Sources */ = {isa = PBXBuildFile; fileRef = 56BE40402B0F638D0074383C /* Double.swift */; };
		56BE40432B0F712D0074383C /* HomeViewModel.swift in Sources */ = {isa = PBXBuildFile; fileRef = 56BE40422B0F712D0074383C /* HomeViewModel.swift */; };
		56D613412B13CF9400E4BF16 /* NetworkingManager.swift in Sources */ = {isa = PBXBuildFile; fileRef = 56D613402B13CF9400E4BF16 /* NetworkingManager.swift */; };
/* End PBXBuildFile section */

/* Begin PBXFileReference section */
		5645BDD82B0AA52700BC50FC /* SwiftUICrypto.app */ = {isa = PBXFileReference; explicitFileType = wrapper.application; includeInIndex = 0; path = SwiftUICrypto.app; sourceTree = BUILT_PRODUCTS_DIR; };
		5645BDDB2B0AA52700BC50FC /* SwiftUICryptoApp.swift */ = {isa = PBXFileReference; lastKnownFileType = sourcecode.swift; path = SwiftUICryptoApp.swift; sourceTree = "<group>"; };
		5645BDDD2B0AA52700BC50FC /* ContentView.swift */ = {isa = PBXFileReference; lastKnownFileType = sourcecode.swift; path = ContentView.swift; sourceTree = "<group>"; };
		5645BDDF2B0AA52900BC50FC /* Assets.xcassets */ = {isa = PBXFileReference; lastKnownFileType = folder.assetcatalog; path = Assets.xcassets; sourceTree = "<group>"; };
		5645BDE22B0AA52900BC50FC /* Preview Assets.xcassets */ = {isa = PBXFileReference; lastKnownFileType = folder.assetcatalog; path = "Preview Assets.xcassets"; sourceTree = "<group>"; };
		5645BDEC2B0AA7BE00BC50FC /* Color.swift */ = {isa = PBXFileReference; lastKnownFileType = sourcecode.swift; path = Color.swift; sourceTree = "<group>"; };
		5645BDF22B0AA99300BC50FC /* HomeView.swift */ = {isa = PBXFileReference; lastKnownFileType = sourcecode.swift; path = HomeView.swift; sourceTree = "<group>"; };
		5645BDF62B0AAA9500BC50FC /* CircleButtonView.swift */ = {isa = PBXFileReference; lastKnownFileType = sourcecode.swift; path = CircleButtonView.swift; sourceTree = "<group>"; };
		565A0DDA2B0FBF2D0070C070 /* CoinDataService.swift */ = {isa = PBXFileReference; lastKnownFileType = sourcecode.swift; path = CoinDataService.swift; sourceTree = "<group>"; };
		56BE40372B0F50DF0074383C /* CircleButtonAnimationView.swift */ = {isa = PBXFileReference; lastKnownFileType = sourcecode.swift; path = CircleButtonAnimationView.swift; sourceTree = "<group>"; };
		56BE403A2B0F57770074383C /* CoinModel.swift */ = {isa = PBXFileReference; lastKnownFileType = sourcecode.swift; path = CoinModel.swift; sourceTree = "<group>"; };
		56BE403C2B0F60150074383C /* CoinRowView.swift */ = {isa = PBXFileReference; lastKnownFileType = sourcecode.swift; path = CoinRowView.swift; sourceTree = "<group>"; };
		56BE403E2B0F605F0074383C /* PreviewProvider.swift */ = {isa = PBXFileReference; lastKnownFileType = sourcecode.swift; path = PreviewProvider.swift; sourceTree = "<group>"; };
		56BE40402B0F638D0074383C /* Double.swift */ = {isa = PBXFileReference; lastKnownFileType = sourcecode.swift; path = Double.swift; sourceTree = "<group>"; };
		56BE40422B0F712D0074383C /* HomeViewModel.swift */ = {isa = PBXFileReference; lastKnownFileType = sourcecode.swift; path = HomeViewModel.swift; sourceTree = "<group>"; };
		56D613402B13CF9400E4BF16 /* NetworkingManager.swift */ = {isa = PBXFileReference; lastKnownFileType = sourcecode.swift; path = NetworkingManager.swift; sourceTree = "<group>"; };
/* End PBXFileReference section */

/* Begin PBXFrameworksBuildPhase section */
		5645BDD52B0AA52700BC50FC /* Frameworks */ = {
			isa = PBXFrameworksBuildPhase;
			buildActionMask = 2147483647;
			files = (
			);
			runOnlyForDeploymentPostprocessing = 0;
		};
/* End PBXFrameworksBuildPhase section */

/* Begin PBXGroup section */
		5645BDCF2B0AA52700BC50FC = {
			isa = PBXGroup;
			children = (
				5645BDDA2B0AA52700BC50FC /* SwiftUICrypto */,
				5645BDD92B0AA52700BC50FC /* Products */,
			);
			sourceTree = "<group>";
		};
		5645BDD92B0AA52700BC50FC /* Products */ = {
			isa = PBXGroup;
			children = (
				5645BDD82B0AA52700BC50FC /* SwiftUICrypto.app */,
			);
			name = Products;
			sourceTree = "<group>";
		};
		5645BDDA2B0AA52700BC50FC /* SwiftUICrypto */ = {
			isa = PBXGroup;
			children = (
				5645BDDB2B0AA52700BC50FC /* SwiftUICryptoApp.swift */,
				56D6133F2B13CF6C00E4BF16 /* Utilities */,
				5645BDEB2B0AA7A500BC50FC /* Extensions */,
				565A0DD92B0FBF0F0070C070 /* Services */,
				56BE40392B0F575B0074383C /* Models */,
				5645BDEE2B0AA92700BC50FC /* Core */,
				5645BDDD2B0AA52700BC50FC /* ContentView.swift */,
				5645BDDF2B0AA52900BC50FC /* Assets.xcassets */,
				5645BDE12B0AA52900BC50FC /* Preview Content */,
			);
			path = SwiftUICrypto;
			sourceTree = "<group>";
		};
		5645BDE12B0AA52900BC50FC /* Preview Content */ = {
			isa = PBXGroup;
			children = (
				5645BDE22B0AA52900BC50FC /* Preview Assets.xcassets */,
			);
			path = "Preview Content";
			sourceTree = "<group>";
		};
		5645BDEB2B0AA7A500BC50FC /* Extensions */ = {
			isa = PBXGroup;
			children = (
				5645BDEC2B0AA7BE00BC50FC /* Color.swift */,
				56BE403E2B0F605F0074383C /* PreviewProvider.swift */,
				56BE40402B0F638D0074383C /* Double.swift */,
			);
			path = Extensions;
			sourceTree = "<group>";
		};
		5645BDEE2B0AA92700BC50FC /* Core */ = {
			isa = PBXGroup;
			children = (
				5645BDF42B0AAA7E00BC50FC /* Components */,
				5645BDEF2B0AA94300BC50FC /* Home */,
			);
			path = Core;
			sourceTree = "<group>";
		};
		5645BDEF2B0AA94300BC50FC /* Home */ = {
			isa = PBXGroup;
			children = (
				5645BDF02B0AA95200BC50FC /* Views */,
				5645BDF12B0AA95D00BC50FC /* ViewModels */,
			);
			path = Home;
			sourceTree = "<group>";
		};
		5645BDF02B0AA95200BC50FC /* Views */ = {
			isa = PBXGroup;
			children = (
				5645BDF22B0AA99300BC50FC /* HomeView.swift */,
				56BE403C2B0F60150074383C /* CoinRowView.swift */,
			);
			path = Views;
			sourceTree = "<group>";
		};
		5645BDF12B0AA95D00BC50FC /* ViewModels */ = {
			isa = PBXGroup;
			children = (
				56BE40422B0F712D0074383C /* HomeViewModel.swift */,
			);
			path = ViewModels;
			sourceTree = "<group>";
		};
		5645BDF42B0AAA7E00BC50FC /* Components */ = {
			isa = PBXGroup;
			children = (
				5645BDF52B0AAA8700BC50FC /* CircleButton */,
			);
			path = Components;
			sourceTree = "<group>";
		};
		5645BDF52B0AAA8700BC50FC /* CircleButton */ = {
			isa = PBXGroup;
			children = (
				5645BDF62B0AAA9500BC50FC /* CircleButtonView.swift */,
				56BE40372B0F50DF0074383C /* CircleButtonAnimationView.swift */,
			);
			path = CircleButton;
			sourceTree = "<group>";
		};
		565A0DD92B0FBF0F0070C070 /* Services */ = {
			isa = PBXGroup;
			children = (
				565A0DDA2B0FBF2D0070C070 /* CoinDataService.swift */,
			);
			path = Services;
			sourceTree = "<group>";
		};
		56BE40392B0F575B0074383C /* Models */ = {
			isa = PBXGroup;
			children = (
				56BE403A2B0F57770074383C /* CoinModel.swift */,
			);
			path = Models;
			sourceTree = "<group>";
		};
		56D6133F2B13CF6C00E4BF16 /* Utilities */ = {
			isa = PBXGroup;
			children = (
				56D613402B13CF9400E4BF16 /* NetworkingManager.swift */,
			);
			path = Utilities;
			sourceTree = "<group>";
		};
/* End PBXGroup section */

/* Begin PBXNativeTarget section */
		5645BDD72B0AA52700BC50FC /* SwiftUICrypto */ = {
			isa = PBXNativeTarget;
			buildConfigurationList = 5645BDE62B0AA52900BC50FC /* Build configuration list for PBXNativeTarget "SwiftUICrypto" */;
			buildPhases = (
				5645BDD42B0AA52700BC50FC /* Sources */,
				5645BDD52B0AA52700BC50FC /* Frameworks */,
				5645BDD62B0AA52700BC50FC /* Resources */,
			);
			buildRules = (
			);
			dependencies = (
			);
			name = SwiftUICrypto;
			productName = SwiftUICrypto;
			productReference = 5645BDD82B0AA52700BC50FC /* SwiftUICrypto.app */;
			productType = "com.apple.product-type.application";
		};
/* End PBXNativeTarget section */

/* Begin PBXProject section */
		5645BDD02B0AA52700BC50FC /* Project object */ = {
			isa = PBXProject;
			attributes = {
				BuildIndependentTargetsInParallel = 1;
				LastSwiftUpdateCheck = 1500;
				LastUpgradeCheck = 1500;
				TargetAttributes = {
					5645BDD72B0AA52700BC50FC = {
						CreatedOnToolsVersion = 15.0.1;
					};
				};
			};
			buildConfigurationList = 5645BDD32B0AA52700BC50FC /* Build configuration list for PBXProject "SwiftUICrypto" */;
			compatibilityVersion = "Xcode 14.0";
			developmentRegion = en;
			hasScannedForEncodings = 0;
			knownRegions = (
				en,
				Base,
			);
			mainGroup = 5645BDCF2B0AA52700BC50FC;
			productRefGroup = 5645BDD92B0AA52700BC50FC /* Products */;
			projectDirPath = "";
			projectRoot = "";
			targets = (
				5645BDD72B0AA52700BC50FC /* SwiftUICrypto */,
			);
		};
/* End PBXProject section */

/* Begin PBXResourcesBuildPhase section */
		5645BDD62B0AA52700BC50FC /* Resources */ = {
			isa = PBXResourcesBuildPhase;
			buildActionMask = 2147483647;
			files = (
				5645BDE32B0AA52900BC50FC /* Preview Assets.xcassets in Resources */,
				5645BDE02B0AA52900BC50FC /* Assets.xcassets in Resources */,
			);
			runOnlyForDeploymentPostprocessing = 0;
		};
/* End PBXResourcesBuildPhase section */

/* Begin PBXSourcesBuildPhase section */
		5645BDD42B0AA52700BC50FC /* Sources */ = {
			isa = PBXSourcesBuildPhase;
			buildActionMask = 2147483647;
			files = (
				565A0DDB2B0FBF2D0070C070 /* CoinDataService.swift in Sources */,
				56BE403D2B0F60150074383C /* CoinRowView.swift in Sources */,
				56BE40432B0F712D0074383C /* HomeViewModel.swift in Sources */,
				5645BDDE2B0AA52700BC50FC /* ContentView.swift in Sources */,
				5645BDF32B0AA99300BC50FC /* HomeView.swift in Sources */,
				5645BDDC2B0AA52700BC50FC /* SwiftUICryptoApp.swift in Sources */,
				5645BDF72B0AAA9500BC50FC /* CircleButtonView.swift in Sources */,
				5645BDED2B0AA7BE00BC50FC /* Color.swift in Sources */,
				56D613412B13CF9400E4BF16 /* NetworkingManager.swift in Sources */,
				56BE40382B0F50DF0074383C /* CircleButtonAnimationView.swift in Sources */,
				56BE403F2B0F605F0074383C /* PreviewProvider.swift in Sources */,
				56BE40412B0F638D0074383C /* Double.swift in Sources */,
				56BE403B2B0F57770074383C /* CoinModel.swift in Sources */,
			);
			runOnlyForDeploymentPostprocessing = 0;
		};
/* End PBXSourcesBuildPhase section */

/* Begin XCBuildConfiguration section */
		5645BDE42B0AA52900BC50FC /* Debug */ = {
			isa = XCBuildConfiguration;
			buildSettings = {
				ALWAYS_SEARCH_USER_PATHS = NO;
				ASSETCATALOG_COMPILER_GENERATE_SWIFT_ASSET_SYMBOL_EXTENSIONS = YES;
				CLANG_ANALYZER_NONNULL = YES;
				CLANG_ANALYZER_NUMBER_OBJECT_CONVERSION = YES_AGGRESSIVE;
				CLANG_CXX_LANGUAGE_STANDARD = "gnu++20";
				CLANG_ENABLE_MODULES = YES;
				CLANG_ENABLE_OBJC_ARC = YES;
				CLANG_ENABLE_OBJC_WEAK = YES;
				CLANG_WARN_BLOCK_CAPTURE_AUTORELEASING = YES;
				CLANG_WARN_BOOL_CONVERSION = YES;
				CLANG_WARN_COMMA = YES;
				CLANG_WARN_CONSTANT_CONVERSION = YES;
				CLANG_WARN_DEPRECATED_OBJC_IMPLEMENTATIONS = YES;
				CLANG_WARN_DIRECT_OBJC_ISA_USAGE = YES_ERROR;
				CLANG_WARN_DOCUMENTATION_COMMENTS = YES;
				CLANG_WARN_EMPTY_BODY = YES;
				CLANG_WARN_ENUM_CONVERSION = YES;
				CLANG_WARN_INFINITE_RECURSION = YES;
				CLANG_WARN_INT_CONVERSION = YES;
				CLANG_WARN_NON_LITERAL_NULL_CONVERSION = YES;
				CLANG_WARN_OBJC_IMPLICIT_RETAIN_SELF = YES;
				CLANG_WARN_OBJC_LITERAL_CONVERSION = YES;
				CLANG_WARN_OBJC_ROOT_CLASS = YES_ERROR;
				CLANG_WARN_QUOTED_INCLUDE_IN_FRAMEWORK_HEADER = YES;
				CLANG_WARN_RANGE_LOOP_ANALYSIS = YES;
				CLANG_WARN_STRICT_PROTOTYPES = YES;
				CLANG_WARN_SUSPICIOUS_MOVE = YES;
				CLANG_WARN_UNGUARDED_AVAILABILITY = YES_AGGRESSIVE;
				CLANG_WARN_UNREACHABLE_CODE = YES;
				CLANG_WARN__DUPLICATE_METHOD_MATCH = YES;
				COPY_PHASE_STRIP = NO;
				DEBUG_INFORMATION_FORMAT = dwarf;
				ENABLE_STRICT_OBJC_MSGSEND = YES;
				ENABLE_TESTABILITY = YES;
				ENABLE_USER_SCRIPT_SANDBOXING = YES;
				GCC_C_LANGUAGE_STANDARD = gnu17;
				GCC_DYNAMIC_NO_PIC = NO;
				GCC_NO_COMMON_BLOCKS = YES;
				GCC_OPTIMIZATION_LEVEL = 0;
				GCC_PREPROCESSOR_DEFINITIONS = (
					"DEBUG=1",
					"$(inherited)",
				);
				GCC_WARN_64_TO_32_BIT_CONVERSION = YES;
				GCC_WARN_ABOUT_RETURN_TYPE = YES_ERROR;
				GCC_WARN_UNDECLARED_SELECTOR = YES;
				GCC_WARN_UNINITIALIZED_AUTOS = YES_AGGRESSIVE;
				GCC_WARN_UNUSED_FUNCTION = YES;
				GCC_WARN_UNUSED_VARIABLE = YES;
				IPHONEOS_DEPLOYMENT_TARGET = 17.0;
				LOCALIZATION_PREFERS_STRING_CATALOGS = YES;
				MTL_ENABLE_DEBUG_INFO = INCLUDE_SOURCE;
				MTL_FAST_MATH = YES;
				ONLY_ACTIVE_ARCH = YES;
				SDKROOT = iphoneos;
				SWIFT_ACTIVE_COMPILATION_CONDITIONS = "DEBUG $(inherited)";
				SWIFT_OPTIMIZATION_LEVEL = "-Onone";
			};
			name = Debug;
		};
		5645BDE52B0AA52900BC50FC /* Release */ = {
			isa = XCBuildConfiguration;
			buildSettings = {
				ALWAYS_SEARCH_USER_PATHS = NO;
				ASSETCATALOG_COMPILER_GENERATE_SWIFT_ASSET_SYMBOL_EXTENSIONS = YES;
				CLANG_ANALYZER_NONNULL = YES;
				CLANG_ANALYZER_NUMBER_OBJECT_CONVERSION = YES_AGGRESSIVE;
				CLANG_CXX_LANGUAGE_STANDARD = "gnu++20";
				CLANG_ENABLE_MODULES = YES;
				CLANG_ENABLE_OBJC_ARC = YES;
				CLANG_ENABLE_OBJC_WEAK = YES;
				CLANG_WARN_BLOCK_CAPTURE_AUTORELEASING = YES;
				CLANG_WARN_BOOL_CONVERSION = YES;
				CLANG_WARN_COMMA = YES;
				CLANG_WARN_CONSTANT_CONVERSION = YES;
				CLANG_WARN_DEPRECATED_OBJC_IMPLEMENTATIONS = YES;
				CLANG_WARN_DIRECT_OBJC_ISA_USAGE = YES_ERROR;
				CLANG_WARN_DOCUMENTATION_COMMENTS = YES;
				CLANG_WARN_EMPTY_BODY = YES;
				CLANG_WARN_ENUM_CONVERSION = YES;
				CLANG_WARN_INFINITE_RECURSION = YES;
				CLANG_WARN_INT_CONVERSION = YES;
				CLANG_WARN_NON_LITERAL_NULL_CONVERSION = YES;
				CLANG_WARN_OBJC_IMPLICIT_RETAIN_SELF = YES;
				CLANG_WARN_OBJC_LITERAL_CONVERSION = YES;
				CLANG_WARN_OBJC_ROOT_CLASS = YES_ERROR;
				CLANG_WARN_QUOTED_INCLUDE_IN_FRAMEWORK_HEADER = YES;
				CLANG_WARN_RANGE_LOOP_ANALYSIS = YES;
				CLANG_WARN_STRICT_PROTOTYPES = YES;
				CLANG_WARN_SUSPICIOUS_MOVE = YES;
				CLANG_WARN_UNGUARDED_AVAILABILITY = YES_AGGRESSIVE;
				CLANG_WARN_UNREACHABLE_CODE = YES;
				CLANG_WARN__DUPLICATE_METHOD_MATCH = YES;
				COPY_PHASE_STRIP = NO;
				DEBUG_INFORMATION_FORMAT = "dwarf-with-dsym";
				ENABLE_NS_ASSERTIONS = NO;
				ENABLE_STRICT_OBJC_MSGSEND = YES;
				ENABLE_USER_SCRIPT_SANDBOXING = YES;
				GCC_C_LANGUAGE_STANDARD = gnu17;
				GCC_NO_COMMON_BLOCKS = YES;
				GCC_WARN_64_TO_32_BIT_CONVERSION = YES;
				GCC_WARN_ABOUT_RETURN_TYPE = YES_ERROR;
				GCC_WARN_UNDECLARED_SELECTOR = YES;
				GCC_WARN_UNINITIALIZED_AUTOS = YES_AGGRESSIVE;
				GCC_WARN_UNUSED_FUNCTION = YES;
				GCC_WARN_UNUSED_VARIABLE = YES;
				IPHONEOS_DEPLOYMENT_TARGET = 17.0;
				LOCALIZATION_PREFERS_STRING_CATALOGS = YES;
				MTL_ENABLE_DEBUG_INFO = NO;
				MTL_FAST_MATH = YES;
				SDKROOT = iphoneos;
				SWIFT_COMPILATION_MODE = wholemodule;
				VALIDATE_PRODUCT = YES;
			};
			name = Release;
		};
		5645BDE72B0AA52900BC50FC /* Debug */ = {
			isa = XCBuildConfiguration;
			buildSettings = {
				ASSETCATALOG_COMPILER_APPICON_NAME = AppIcon;
				ASSETCATALOG_COMPILER_GLOBAL_ACCENT_COLOR_NAME = AccentColor;
				CODE_SIGN_STYLE = Automatic;
				CURRENT_PROJECT_VERSION = 1;
				DEVELOPMENT_ASSET_PATHS = "\"SwiftUICrypto/Preview Content\"";
				DEVELOPMENT_TEAM = 688ZGR6BUC;
				ENABLE_PREVIEWS = YES;
				GENERATE_INFOPLIST_FILE = YES;
				INFOPLIST_KEY_CFBundleDisplayName = "Crypto Tracker";
				INFOPLIST_KEY_UIApplicationSceneManifest_Generation = YES;
				INFOPLIST_KEY_UIApplicationSupportsIndirectInputEvents = YES;
				INFOPLIST_KEY_UILaunchScreen_Generation = YES;
				INFOPLIST_KEY_UISupportedInterfaceOrientations = UIInterfaceOrientationPortrait;
				IPHONEOS_DEPLOYMENT_TARGET = 15.6;
				LD_RUNPATH_SEARCH_PATHS = (
					"$(inherited)",
					"@executable_path/Frameworks",
				);
				MARKETING_VERSION = 1.0;
				PRODUCT_BUNDLE_IDENTIFIER = com.pulkit1211.testing.SwiftUICrypto;
				PRODUCT_NAME = "$(TARGET_NAME)";
				SUPPORTED_PLATFORMS = "iphoneos iphonesimulator";
				SUPPORTS_MACCATALYST = NO;
				SUPPORTS_MAC_DESIGNED_FOR_IPHONE_IPAD = NO;
				SWIFT_EMIT_LOC_STRINGS = YES;
				SWIFT_VERSION = 5.0;
				TARGETED_DEVICE_FAMILY = "1,2";
			};
			name = Debug;
		};
		5645BDE82B0AA52900BC50FC /* Release */ = {
			isa = XCBuildConfiguration;
			buildSettings = {
				ASSETCATALOG_COMPILER_APPICON_NAME = AppIcon;
				ASSETCATALOG_COMPILER_GLOBAL_ACCENT_COLOR_NAME = AccentColor;
				CODE_SIGN_STYLE = Automatic;
				CURRENT_PROJECT_VERSION = 1;
				DEVELOPMENT_ASSET_PATHS = "\"SwiftUICrypto/Preview Content\"";
				DEVELOPMENT_TEAM = 688ZGR6BUC;
				ENABLE_PREVIEWS = YES;
				GENERATE_INFOPLIST_FILE = YES;
				INFOPLIST_KEY_CFBundleDisplayName = "Crypto Tracker";
				INFOPLIST_KEY_UIApplicationSceneManifest_Generation = YES;
				INFOPLIST_KEY_UIApplicationSupportsIndirectInputEvents = YES;
				INFOPLIST_KEY_UILaunchScreen_Generation = YES;
				INFOPLIST_KEY_UISupportedInterfaceOrientations = UIInterfaceOrientationPortrait;
				IPHONEOS_DEPLOYMENT_TARGET = 15.6;
				LD_RUNPATH_SEARCH_PATHS = (
					"$(inherited)",
					"@executable_path/Frameworks",
				);
				MARKETING_VERSION = 1.0;
				PRODUCT_BUNDLE_IDENTIFIER = com.pulkit1211.testing.SwiftUICrypto;
				PRODUCT_NAME = "$(TARGET_NAME)";
				SUPPORTED_PLATFORMS = "iphoneos iphonesimulator";
				SUPPORTS_MACCATALYST = NO;
				SUPPORTS_MAC_DESIGNED_FOR_IPHONE_IPAD = NO;
				SWIFT_EMIT_LOC_STRINGS = YES;
				SWIFT_VERSION = 5.0;
				TARGETED_DEVICE_FAMILY = "1,2";
			};
			name = Release;
		};
/* End XCBuildConfiguration section */

/* Begin XCConfigurationList section */
		5645BDD32B0AA52700BC50FC /* Build configuration list for PBXProject "SwiftUICrypto" */ = {
			isa = XCConfigurationList;
			buildConfigurations = (
				5645BDE42B0AA52900BC50FC /* Debug */,
				5645BDE52B0AA52900BC50FC /* Release */,
			);
			defaultConfigurationIsVisible = 0;
			defaultConfigurationName = Release;
		};
		5645BDE62B0AA52900BC50FC /* Build configuration list for PBXNativeTarget "SwiftUICrypto" */ = {
			isa = XCConfigurationList;
			buildConfigurations = (
				5645BDE72B0AA52900BC50FC /* Debug */,
				5645BDE82B0AA52900BC50FC /* Release */,
			);
			defaultConfigurationIsVisible = 0;
			defaultConfigurationName = Release;
		};
/* End XCConfigurationList section */
	};
	rootObject = 5645BDD02B0AA52700BC50FC /* Project object */;
}
