// !$*UTF8*$!
{
	archiveVersion = 1;
	classes = {
	};
	objectVersion = 56;
	objects = {

/* Begin PBXBuildFile section */
		5645BDDC2B0AA52700BC50FC /* SwiftUICryptoApp.swift in Sources */ = {isa = PBXBuildFile; fileRef = 5645BDDB2B0AA52700BC50FC /* SwiftUICryptoApp.swift */; };
		5645BDDE2B0AA52700BC50FC /* ContentView.swift in Sources */ = {isa = PBXBuildFile; fileRef = 5645BDDD2B0AA52700BC50FC /* ContentView.swift */; };
		5645BDE02B0AA52900BC50FC /* Assets.xcassets in Resources */ = {isa = PBXBuildFile; fileRef = 5645BDDF2B0AA52900BC50FC /* Assets.xcassets */; };
		5645BDE32B0AA52900BC50FC /* Preview Assets.xcassets in Resources */ = {isa = PBXBuildFile; fileRef = 5645BDE22B0AA52900BC50FC /* Preview Assets.xcassets */; };
		5645BDED2B0AA7BE00BC50FC /* Color.swift in Sources */ = {isa = PBXBuildFile; fileRef = 5645BDEC2B0AA7BE00BC50FC /* Color.swift */; };
		5645BDF32B0AA99300BC50FC /* HomeView.swift in Sources */ = {isa = PBXBuildFile; fileRef = 5645BDF22B0AA99300BC50FC /* HomeView.swift */; };
		5645BDF72B0AAA9500BC50FC /* CircleButtonView.swift in Sources */ = {isa = PBXBuildFile; fileRef = 5645BDF62B0AAA9500BC50FC /* CircleButtonView.swift */; };
		564C70702B34284500F62A8B /* ChartView.swift in Sources */ = {isa = PBXBuildFile; fileRef = 564C706F2B34284500F62A8B /* ChartView.swift */; };
		564C70722B34311A00F62A8B /* Date.swift in Sources */ = {isa = PBXBuildFile; fileRef = 564C70712B34311A00F62A8B /* Date.swift */; };
		564C70742B344ED700F62A8B /* String.swift in Sources */ = {isa = PBXBuildFile; fileRef = 564C70732B344ED700F62A8B /* String.swift */; };
		564C70782B34615800F62A8B /* SettingsView.swift in Sources */ = {isa = PBXBuildFile; fileRef = 564C70772B34615800F62A8B /* SettingsView.swift */; };
		565A0DDB2B0FBF2D0070C070 /* CoinDataService.swift in Sources */ = {isa = PBXBuildFile; fileRef = 565A0DDA2B0FBF2D0070C070 /* CoinDataService.swift */; };
		5674D98C2B15E891001DD659 /* CoinImageView.swift in Sources */ = {isa = PBXBuildFile; fileRef = 5674D98B2B15E891001DD659 /* CoinImageView.swift */; };
		5674D98E2B15E9DB001DD659 /* CoinImageService.swift in Sources */ = {isa = PBXBuildFile; fileRef = 5674D98D2B15E9DB001DD659 /* CoinImageService.swift */; };
		5674D9902B15EB3F001DD659 /* CoinImageViewModel.swift in Sources */ = {isa = PBXBuildFile; fileRef = 5674D98F2B15EB3F001DD659 /* CoinImageViewModel.swift */; };
		5674D9922B15F18B001DD659 /* LocalFileManager.swift in Sources */ = {isa = PBXBuildFile; fileRef = 5674D9912B15F18B001DD659 /* LocalFileManager.swift */; };
		567730CA2B30DDC900209848 /* CoinDetailModel.swift in Sources */ = {isa = PBXBuildFile; fileRef = 567730C92B30DDC900209848 /* CoinDetailModel.swift */; };
		567730CC2B30E06400209848 /* DetailViewModel.swift in Sources */ = {isa = PBXBuildFile; fileRef = 567730CB2B30E06400209848 /* DetailViewModel.swift */; };
		567730CE2B30E08B00209848 /* CoinDetailDataService.swift in Sources */ = {isa = PBXBuildFile; fileRef = 567730CD2B30E08B00209848 /* CoinDetailDataService.swift */; };
		567BD9142B171C6A00C03272 /* SearchBarView.swift in Sources */ = {isa = PBXBuildFile; fileRef = 567BD9132B171C6A00C03272 /* SearchBarView.swift */; };
		567BD9162B17202300C03272 /* UIApplication.swift in Sources */ = {isa = PBXBuildFile; fileRef = 567BD9152B17202300C03272 /* UIApplication.swift */; };
		567BD9182B1726CD00C03272 /* StatisticModel.swift in Sources */ = {isa = PBXBuildFile; fileRef = 567BD9172B1726CD00C03272 /* StatisticModel.swift */; };
		567BD91A2B1727AF00C03272 /* StatisticView.swift in Sources */ = {isa = PBXBuildFile; fileRef = 567BD9192B1727AF00C03272 /* StatisticView.swift */; };
		567BD91C2B172AFE00C03272 /* HomeStatsView.swift in Sources */ = {isa = PBXBuildFile; fileRef = 567BD91B2B172AFE00C03272 /* HomeStatsView.swift */; };
		5682332E2B19F6A20031EC05 /* PortfolioContainer.xcdatamodeld in Sources */ = {isa = PBXBuildFile; fileRef = 5682332C2B19F6A20031EC05 /* PortfolioContainer.xcdatamodeld */; };
		568233302B19F71E0031EC05 /* PortfolioDataService.swift in Sources */ = {isa = PBXBuildFile; fileRef = 5682332F2B19F71E0031EC05 /* PortfolioDataService.swift */; };
		568233322B1A078C0031EC05 /* HapticManager.swift in Sources */ = {isa = PBXBuildFile; fileRef = 568233312B1A078C0031EC05 /* HapticManager.swift */; };
		5699A3D02B2A3C1A0017DA27 /* DetailView.swift in Sources */ = {isa = PBXBuildFile; fileRef = 5699A3CF2B2A3C1A0017DA27 /* DetailView.swift */; };
		56BE40382B0F50DF0074383C /* CircleButtonAnimationView.swift in Sources */ = {isa = PBXBuildFile; fileRef = 56BE40372B0F50DF0074383C /* CircleButtonAnimationView.swift */; };
		56BE403B2B0F57770074383C /* CoinModel.swift in Sources */ = {isa = PBXBuildFile; fileRef = 56BE403A2B0F57770074383C /* CoinModel.swift */; };
		56BE403D2B0F60150074383C /* CoinRowView.swift in Sources */ = {isa = PBXBuildFile; fileRef = 56BE403C2B0F60150074383C /* CoinRowView.swift */; };
		56BE403F2B0F605F0074383C /* PreviewProvider.swift in Sources */ = {isa = PBXBuildFile; fileRef = 56BE403E2B0F605F0074383C /* PreviewProvider.swift */; };
		56BE40412B0F638D0074383C /* Double.swift in Sources */ = {isa = PBXBuildFile; fileRef = 56BE40402B0F638D0074383C /* Double.swift */; };
		56BE40432B0F712D0074383C /* HomeViewModel.swift in Sources */ = {isa = PBXBuildFile; fileRef = 56BE40422B0F712D0074383C /* HomeViewModel.swift */; };
		56D229882B18B81100BEEBC8 /* MarketDataModel.swift in Sources */ = {isa = PBXBuildFile; fileRef = 56D229872B18B81100BEEBC8 /* MarketDataModel.swift */; };
		56D2298A2B18D5B600BEEBC8 /* MarketDataService.swift in Sources */ = {isa = PBXBuildFile; fileRef = 56D229892B18D5B600BEEBC8 /* MarketDataService.swift */; };
		56D2298C2B18FE1600BEEBC8 /* PortfolioView.swift in Sources */ = {isa = PBXBuildFile; fileRef = 56D2298B2B18FE1600BEEBC8 /* PortfolioView.swift */; };
		56D2298E2B19017A00BEEBC8 /* XMarkButton.swift in Sources */ = {isa = PBXBuildFile; fileRef = 56D2298D2B19017A00BEEBC8 /* XMarkButton.swift */; };
		56D229902B19047600BEEBC8 /* CoinLogoView.swift in Sources */ = {isa = PBXBuildFile; fileRef = 56D2298F2B19047600BEEBC8 /* CoinLogoView.swift */; };
		56D613412B13CF9400E4BF16 /* NetworkingManager.swift in Sources */ = {isa = PBXBuildFile; fileRef = 56D613402B13CF9400E4BF16 /* NetworkingManager.swift */; };
/* End PBXBuildFile section */

/* Begin PBXFileReference section */
		5645BDD82B0AA52700BC50FC /* SwiftUICrypto.app */ = {isa = PBXFileReference; explicitFileType = wrapper.application; includeInIndex = 0; path = SwiftUICrypto.app; sourceTree = BUILT_PRODUCTS_DIR; };
		5645BDDB2B0AA52700BC50FC /* SwiftUICryptoApp.swift */ = {isa = PBXFileReference; lastKnownFileType = sourcecode.swift; path = SwiftUICryptoApp.swift; sourceTree = "<group>"; };
		5645BDDD2B0AA52700BC50FC /* ContentView.swift */ = {isa = PBXFileReference; lastKnownFileType = sourcecode.swift; path = ContentView.swift; sourceTree = "<group>"; };
		5645BDDF2B0AA52900BC50FC /* Assets.xcassets */ = {isa = PBXFileReference; lastKnownFileType = folder.assetcatalog; path = Assets.xcassets; sourceTree = "<group>"; };
		5645BDE22B0AA52900BC50FC /* Preview Assets.xcassets */ = {isa = PBXFileReference; lastKnownFileType = folder.assetcatalog; path = "Preview Assets.xcassets"; sourceTree = "<group>"; };
		5645BDEC2B0AA7BE00BC50FC /* Color.swift */ = {isa = PBXFileReference; lastKnownFileType = sourcecode.swift; path = Color.swift; sourceTree = "<group>"; };
		5645BDF22B0AA99300BC50FC /* HomeView.swift */ = {isa = PBXFileReference; lastKnownFileType = sourcecode.swift; path = HomeView.swift; sourceTree = "<group>"; };
		5645BDF62B0AAA9500BC50FC /* CircleButtonView.swift */ = {isa = PBXFileReference; lastKnownFileType = sourcecode.swift; path = CircleButtonView.swift; sourceTree = "<group>"; };
		564C706F2B34284500F62A8B /* ChartView.swift */ = {isa = PBXFileReference; lastKnownFileType = sourcecode.swift; path = ChartView.swift; sourceTree = "<group>"; };
		564C70712B34311A00F62A8B /* Date.swift */ = {isa = PBXFileReference; lastKnownFileType = sourcecode.swift; path = Date.swift; sourceTree = "<group>"; };
		564C70732B344ED700F62A8B /* String.swift */ = {isa = PBXFileReference; lastKnownFileType = sourcecode.swift; path = String.swift; sourceTree = "<group>"; };
		564C70772B34615800F62A8B /* SettingsView.swift */ = {isa = PBXFileReference; lastKnownFileType = sourcecode.swift; path = SettingsView.swift; sourceTree = "<group>"; };
		565A0DDA2B0FBF2D0070C070 /* CoinDataService.swift */ = {isa = PBXFileReference; lastKnownFileType = sourcecode.swift; path = CoinDataService.swift; sourceTree = "<group>"; };
		5674D98B2B15E891001DD659 /* CoinImageView.swift */ = {isa = PBXFileReference; lastKnownFileType = sourcecode.swift; path = CoinImageView.swift; sourceTree = "<group>"; };
		5674D98D2B15E9DB001DD659 /* CoinImageService.swift */ = {isa = PBXFileReference; lastKnownFileType = sourcecode.swift; path = CoinImageService.swift; sourceTree = "<group>"; };
		5674D98F2B15EB3F001DD659 /* CoinImageViewModel.swift */ = {isa = PBXFileReference; lastKnownFileType = sourcecode.swift; path = CoinImageViewModel.swift; sourceTree = "<group>"; };
		5674D9912B15F18B001DD659 /* LocalFileManager.swift */ = {isa = PBXFileReference; lastKnownFileType = sourcecode.swift; path = LocalFileManager.swift; sourceTree = "<group>"; };
		567730C92B30DDC900209848 /* CoinDetailModel.swift */ = {isa = PBXFileReference; lastKnownFileType = sourcecode.swift; path = CoinDetailModel.swift; sourceTree = "<group>"; };
		567730CB2B30E06400209848 /* DetailViewModel.swift */ = {isa = PBXFileReference; lastKnownFileType = sourcecode.swift; path = DetailViewModel.swift; sourceTree = "<group>"; };
		567730CD2B30E08B00209848 /* CoinDetailDataService.swift */ = {isa = PBXFileReference; lastKnownFileType = sourcecode.swift; path = CoinDetailDataService.swift; sourceTree = "<group>"; };
		567BD9132B171C6A00C03272 /* SearchBarView.swift */ = {isa = PBXFileReference; lastKnownFileType = sourcecode.swift; path = SearchBarView.swift; sourceTree = "<group>"; };
		567BD9152B17202300C03272 /* UIApplication.swift */ = {isa = PBXFileReference; lastKnownFileType = sourcecode.swift; path = UIApplication.swift; sourceTree = "<group>"; };
		567BD9172B1726CD00C03272 /* StatisticModel.swift */ = {isa = PBXFileReference; lastKnownFileType = sourcecode.swift; path = StatisticModel.swift; sourceTree = "<group>"; };
		567BD9192B1727AF00C03272 /* StatisticView.swift */ = {isa = PBXFileReference; lastKnownFileType = sourcecode.swift; path = StatisticView.swift; sourceTree = "<group>"; };
		567BD91B2B172AFE00C03272 /* HomeStatsView.swift */ = {isa = PBXFileReference; lastKnownFileType = sourcecode.swift; path = HomeStatsView.swift; sourceTree = "<group>"; };
		5682332D2B19F6A20031EC05 /* PortfolioContainer.xcdatamodel */ = {isa = PBXFileReference; lastKnownFileType = wrapper.xcdatamodel; path = PortfolioContainer.xcdatamodel; sourceTree = "<group>"; };
		5682332F2B19F71E0031EC05 /* PortfolioDataService.swift */ = {isa = PBXFileReference; lastKnownFileType = sourcecode.swift; path = PortfolioDataService.swift; sourceTree = "<group>"; };
		568233312B1A078C0031EC05 /* HapticManager.swift */ = {isa = PBXFileReference; lastKnownFileType = sourcecode.swift; path = HapticManager.swift; sourceTree = "<group>"; };
		5699A3CF2B2A3C1A0017DA27 /* DetailView.swift */ = {isa = PBXFileReference; lastKnownFileType = sourcecode.swift; path = DetailView.swift; sourceTree = "<group>"; };
		56BE40372B0F50DF0074383C /* CircleButtonAnimationView.swift */ = {isa = PBXFileReference; lastKnownFileType = sourcecode.swift; path = CircleButtonAnimationView.swift; sourceTree = "<group>"; };
		56BE403A2B0F57770074383C /* CoinModel.swift */ = {isa = PBXFileReference; lastKnownFileType = sourcecode.swift; path = CoinModel.swift; sourceTree = "<group>"; };
		56BE403C2B0F60150074383C /* CoinRowView.swift */ = {isa = PBXFileReference; lastKnownFileType = sourcecode.swift; path = CoinRowView.swift; sourceTree = "<group>"; };
		56BE403E2B0F605F0074383C /* PreviewProvider.swift */ = {isa = PBXFileReference; lastKnownFileType = sourcecode.swift; path = PreviewProvider.swift; sourceTree = "<group>"; };
		56BE40402B0F638D0074383C /* Double.swift */ = {isa = PBXFileReference; lastKnownFileType = sourcecode.swift; path = Double.swift; sourceTree = "<group>"; };
		56BE40422B0F712D0074383C /* HomeViewModel.swift */ = {isa = PBXFileReference; lastKnownFileType = sourcecode.swift; path = HomeViewModel.swift; sourceTree = "<group>"; };
		56D229872B18B81100BEEBC8 /* MarketDataModel.swift */ = {isa = PBXFileReference; lastKnownFileType = sourcecode.swift; path = MarketDataModel.swift; sourceTree = "<group>"; };
		56D229892B18D5B600BEEBC8 /* MarketDataService.swift */ = {isa = PBXFileReference; lastKnownFileType = sourcecode.swift; path = MarketDataService.swift; sourceTree = "<group>"; };
		56D2298B2B18FE1600BEEBC8 /* PortfolioView.swift */ = {isa = PBXFileReference; lastKnownFileType = sourcecode.swift; path = PortfolioView.swift; sourceTree = "<group>"; };
		56D2298D2B19017A00BEEBC8 /* XMarkButton.swift */ = {isa = PBXFileReference; lastKnownFileType = sourcecode.swift; path = XMarkButton.swift; sourceTree = "<group>"; };
		56D2298F2B19047600BEEBC8 /* CoinLogoView.swift */ = {isa = PBXFileReference; lastKnownFileType = sourcecode.swift; path = CoinLogoView.swift; sourceTree = "<group>"; };
		56D613402B13CF9400E4BF16 /* NetworkingManager.swift */ = {isa = PBXFileReference; lastKnownFileType = sourcecode.swift; path = NetworkingManager.swift; sourceTree = "<group>"; };
/* End PBXFileReference section */

/* Begin PBXFrameworksBuildPhase section */
		5645BDD52B0AA52700BC50FC /* Frameworks */ = {
			isa = PBXFrameworksBuildPhase;
			buildActionMask = 2147483647;
			files = (
			);
			runOnlyForDeploymentPostprocessing = 0;
		};
/* End PBXFrameworksBuildPhase section */

/* Begin PBXGroup section */
		5645BDCF2B0AA52700BC50FC = {
			isa = PBXGroup;
			children = (
				5645BDDA2B0AA52700BC50FC /* SwiftUICrypto */,
				5645BDD92B0AA52700BC50FC /* Products */,
			);
			sourceTree = "<group>";
		};
		5645BDD92B0AA52700BC50FC /* Products */ = {
			isa = PBXGroup;
			children = (
				5645BDD82B0AA52700BC50FC /* SwiftUICrypto.app */,
			);
			name = Products;
			sourceTree = "<group>";
		};
		5645BDDA2B0AA52700BC50FC /* SwiftUICrypto */ = {
			isa = PBXGroup;
			children = (
				5645BDDB2B0AA52700BC50FC /* SwiftUICryptoApp.swift */,
				56D6133F2B13CF6C00E4BF16 /* Utilities */,
				5645BDEB2B0AA7A500BC50FC /* Extensions */,
				565A0DD92B0FBF0F0070C070 /* Services */,
				56BE40392B0F575B0074383C /* Models */,
				5645BDEE2B0AA92700BC50FC /* Core */,
				5645BDDD2B0AA52700BC50FC /* ContentView.swift */,
				5645BDDF2B0AA52900BC50FC /* Assets.xcassets */,
				5645BDE12B0AA52900BC50FC /* Preview Content */,
			);
			path = SwiftUICrypto;
			sourceTree = "<group>";
		};
		5645BDE12B0AA52900BC50FC /* Preview Content */ = {
			isa = PBXGroup;
			children = (
				5645BDE22B0AA52900BC50FC /* Preview Assets.xcassets */,
			);
			path = "Preview Content";
			sourceTree = "<group>";
		};
		5645BDEB2B0AA7A500BC50FC /* Extensions */ = {
			isa = PBXGroup;
			children = (
				5645BDEC2B0AA7BE00BC50FC /* Color.swift */,
				56BE403E2B0F605F0074383C /* PreviewProvider.swift */,
				56BE40402B0F638D0074383C /* Double.swift */,
				567BD9152B17202300C03272 /* UIApplication.swift */,
				564C70712B34311A00F62A8B /* Date.swift */,
				564C70732B344ED700F62A8B /* String.swift */,
			);
			path = Extensions;
			sourceTree = "<group>";
		};
		5645BDEE2B0AA92700BC50FC /* Core */ = {
			isa = PBXGroup;
			children = (
				5645BDF42B0AAA7E00BC50FC /* Components */,
				5699A3CC2B2A3BEF0017DA27 /* Detail */,
				5645BDEF2B0AA94300BC50FC /* Home */,
				564C70752B34612600F62A8B /* Settings */,
			);
			path = Core;
			sourceTree = "<group>";
		};
		5645BDEF2B0AA94300BC50FC /* Home */ = {
			isa = PBXGroup;
			children = (
				5645BDF02B0AA95200BC50FC /* Views */,
				5645BDF12B0AA95D00BC50FC /* ViewModels */,
			);
			path = Home;
			sourceTree = "<group>";
		};
		5645BDF02B0AA95200BC50FC /* Views */ = {
			isa = PBXGroup;
			children = (
				5645BDF22B0AA99300BC50FC /* HomeView.swift */,
				567BD91B2B172AFE00C03272 /* HomeStatsView.swift */,
				56BE403C2B0F60150074383C /* CoinRowView.swift */,
				56D2298B2B18FE1600BEEBC8 /* PortfolioView.swift */,
			);
			path = Views;
			sourceTree = "<group>";
		};
		5645BDF12B0AA95D00BC50FC /* ViewModels */ = {
			isa = PBXGroup;
			children = (
				56BE40422B0F712D0074383C /* HomeViewModel.swift */,
			);
			path = ViewModels;
			sourceTree = "<group>";
		};
		5645BDF42B0AAA7E00BC50FC /* Components */ = {
			isa = PBXGroup;
			children = (
				5674D98A2B15E878001DD659 /* CoinImage */,
				5645BDF52B0AAA8700BC50FC /* CircleButton */,
				567BD9132B171C6A00C03272 /* SearchBarView.swift */,
				567BD9192B1727AF00C03272 /* StatisticView.swift */,
				56D2298D2B19017A00BEEBC8 /* XMarkButton.swift */,
			);
			path = Components;
			sourceTree = "<group>";
		};
		5645BDF52B0AAA8700BC50FC /* CircleButton */ = {
			isa = PBXGroup;
			children = (
				5645BDF62B0AAA9500BC50FC /* CircleButtonView.swift */,
				56BE40372B0F50DF0074383C /* CircleButtonAnimationView.swift */,
			);
			path = CircleButton;
			sourceTree = "<group>";
		};
		564C70752B34612600F62A8B /* Settings */ = {
			isa = PBXGroup;
			children = (
				564C70762B34614C00F62A8B /* Views */,
			);
			path = Settings;
			sourceTree = "<group>";
		};
		564C70762B34614C00F62A8B /* Views */ = {
			isa = PBXGroup;
			children = (
				564C70772B34615800F62A8B /* SettingsView.swift */,
			);
			path = Views;
			sourceTree = "<group>";
		};
		565A0DD92B0FBF0F0070C070 /* Services */ = {
			isa = PBXGroup;
			children = (
				565A0DDA2B0FBF2D0070C070 /* CoinDataService.swift */,
				567730CD2B30E08B00209848 /* CoinDetailDataService.swift */,
				5674D98D2B15E9DB001DD659 /* CoinImageService.swift */,
				56D229892B18D5B600BEEBC8 /* MarketDataService.swift */,
				5682332F2B19F71E0031EC05 /* PortfolioDataService.swift */,
			);
			path = Services;
			sourceTree = "<group>";
		};
		5674D98A2B15E878001DD659 /* CoinImage */ = {
			isa = PBXGroup;
			children = (
				5674D98B2B15E891001DD659 /* CoinImageView.swift */,
				5674D98F2B15EB3F001DD659 /* CoinImageViewModel.swift */,
				56D2298F2B19047600BEEBC8 /* CoinLogoView.swift */,
			);
			path = CoinImage;
			sourceTree = "<group>";
		};
		5699A3CC2B2A3BEF0017DA27 /* Detail */ = {
			isa = PBXGroup;
			children = (
				5699A3CE2B2A3C050017DA27 /* Views */,
				5699A3CD2B2A3BFE0017DA27 /* ViewModels */,
			);
			path = Detail;
			sourceTree = "<group>";
		};
		5699A3CD2B2A3BFE0017DA27 /* ViewModels */ = {
			isa = PBXGroup;
			children = (
				567730CB2B30E06400209848 /* DetailViewModel.swift */,
			);
			path = ViewModels;
			sourceTree = "<group>";
		};
		5699A3CE2B2A3C050017DA27 /* Views */ = {
			isa = PBXGroup;
			children = (
				5699A3CF2B2A3C1A0017DA27 /* DetailView.swift */,
				564C706F2B34284500F62A8B /* ChartView.swift */,
			);
			path = Views;
			sourceTree = "<group>";
		};
		56BE40392B0F575B0074383C /* Models */ = {
			isa = PBXGroup;
			children = (
				56BE403A2B0F57770074383C /* CoinModel.swift */,
				567730C92B30DDC900209848 /* CoinDetailModel.swift */,
				567BD9172B1726CD00C03272 /* StatisticModel.swift */,
				56D229872B18B81100BEEBC8 /* MarketDataModel.swift */,
				5682332C2B19F6A20031EC05 /* PortfolioContainer.xcdatamodeld */,
			);
			path = Models;
			sourceTree = "<group>";
		};
		56D6133F2B13CF6C00E4BF16 /* Utilities */ = {
			isa = PBXGroup;
			children = (
				56D613402B13CF9400E4BF16 /* NetworkingManager.swift */,
				5674D9912B15F18B001DD659 /* LocalFileManager.swift */,
				568233312B1A078C0031EC05 /* HapticManager.swift */,
			);
			path = Utilities;
			sourceTree = "<group>";
		};
/* End PBXGroup section */

/* Begin PBXNativeTarget section */
		5645BDD72B0AA52700BC50FC /* SwiftUICrypto */ = {
			isa = PBXNativeTarget;
			buildConfigurationList = 5645BDE62B0AA52900BC50FC /* Build configuration list for PBXNativeTarget "SwiftUICrypto" */;
			buildPhases = (
				5645BDD42B0AA52700BC50FC /* Sources */,
				5645BDD52B0AA52700BC50FC /* Frameworks */,
				5645BDD62B0AA52700BC50FC /* Resources */,
			);
			buildRules = (
			);
			dependencies = (
			);
			name = SwiftUICrypto;
			productName = SwiftUICrypto;
			productReference = 5645BDD82B0AA52700BC50FC /* SwiftUICrypto.app */;
			productType = "com.apple.product-type.application";
		};
/* End PBXNativeTarget section */

/* Begin PBXProject section */
		5645BDD02B0AA52700BC50FC /* Project object */ = {
			isa = PBXProject;
			attributes = {
				BuildIndependentTargetsInParallel = 1;
				LastSwiftUpdateCheck = 1500;
				LastUpgradeCheck = 1500;
				TargetAttributes = {
					5645BDD72B0AA52700BC50FC = {
						CreatedOnToolsVersion = 15.0.1;
					};
				};
			};
			buildConfigurationList = 5645BDD32B0AA52700BC50FC /* Build configuration list for PBXProject "SwiftUICrypto" */;
			compatibilityVersion = "Xcode 14.0";
			developmentRegion = en;
			hasScannedForEncodings = 0;
			knownRegions = (
				en,
				Base,
			);
			mainGroup = 5645BDCF2B0AA52700BC50FC;
			productRefGroup = 5645BDD92B0AA52700BC50FC /* Products */;
			projectDirPath = "";
			projectRoot = "";
			targets = (
				5645BDD72B0AA52700BC50FC /* SwiftUICrypto */,
			);
		};
/* End PBXProject section */

/* Begin PBXResourcesBuildPhase section */
		5645BDD62B0AA52700BC50FC /* Resources */ = {
			isa = PBXResourcesBuildPhase;
			buildActionMask = 2147483647;
			files = (
				5645BDE32B0AA52900BC50FC /* Preview Assets.xcassets in Resources */,
				5645BDE02B0AA52900BC50FC /* Assets.xcassets in Resources */,
			);
			runOnlyForDeploymentPostprocessing = 0;
		};
/* End PBXResourcesBuildPhase section */

/* Begin PBXSourcesBuildPhase section */
		5645BDD42B0AA52700BC50FC /* Sources */ = {
			isa = PBXSourcesBuildPhase;
			buildActionMask = 2147483647;
			files = (
				5682332E2B19F6A20031EC05 /* PortfolioContainer.xcdatamodeld in Sources */,
				567BD9182B1726CD00C03272 /* StatisticModel.swift in Sources */,
				565A0DDB2B0FBF2D0070C070 /* CoinDataService.swift in Sources */,
				564C70702B34284500F62A8B /* ChartView.swift in Sources */,
				56BE403D2B0F60150074383C /* CoinRowView.swift in Sources */,
				56D2298E2B19017A00BEEBC8 /* XMarkButton.swift in Sources */,
				56BE40432B0F712D0074383C /* HomeViewModel.swift in Sources */,
				564C70722B34311A00F62A8B /* Date.swift in Sources */,
				5645BDDE2B0AA52700BC50FC /* ContentView.swift in Sources */,
				5674D9922B15F18B001DD659 /* LocalFileManager.swift in Sources */,
				56D229882B18B81100BEEBC8 /* MarketDataModel.swift in Sources */,
				5645BDF32B0AA99300BC50FC /* HomeView.swift in Sources */,
				567BD91A2B1727AF00C03272 /* StatisticView.swift in Sources */,
				5674D98C2B15E891001DD659 /* CoinImageView.swift in Sources */,
				5645BDDC2B0AA52700BC50FC /* SwiftUICryptoApp.swift in Sources */,
				567BD9162B17202300C03272 /* UIApplication.swift in Sources */,
				5645BDF72B0AAA9500BC50FC /* CircleButtonView.swift in Sources */,
				5645BDED2B0AA7BE00BC50FC /* Color.swift in Sources */,
				5699A3D02B2A3C1A0017DA27 /* DetailView.swift in Sources */,
				568233322B1A078C0031EC05 /* HapticManager.swift in Sources */,
				567BD9142B171C6A00C03272 /* SearchBarView.swift in Sources */,
				56D613412B13CF9400E4BF16 /* NetworkingManager.swift in Sources */,
				56D229902B19047600BEEBC8 /* CoinLogoView.swift in Sources */,
				567BD91C2B172AFE00C03272 /* HomeStatsView.swift in Sources */,
				56D2298A2B18D5B600BEEBC8 /* MarketDataService.swift in Sources */,
				56BE40382B0F50DF0074383C /* CircleButtonAnimationView.swift in Sources */,
				5674D9902B15EB3F001DD659 /* CoinImageViewModel.swift in Sources */,
				564C70742B344ED700F62A8B /* String.swift in Sources */,
				56BE403F2B0F605F0074383C /* PreviewProvider.swift in Sources */,
				56D2298C2B18FE1600BEEBC8 /* PortfolioView.swift in Sources */,
				56BE40412B0F638D0074383C /* Double.swift in Sources */,
				5674D98E2B15E9DB001DD659 /* CoinImageService.swift in Sources */,
				567730CA2B30DDC900209848 /* CoinDetailModel.swift in Sources */,
				56BE403B2B0F57770074383C /* CoinModel.swift in Sources */,
				567730CE2B30E08B00209848 /* CoinDetailDataService.swift in Sources */,
				567730CC2B30E06400209848 /* DetailViewModel.swift in Sources */,
				568233302B19F71E0031EC05 /* PortfolioDataService.swift in Sources */,
				564C70782B34615800F62A8B /* SettingsView.swift in Sources */,
			);
			runOnlyForDeploymentPostprocessing = 0;
		};
/* End PBXSourcesBuildPhase section */

/* Begin XCBuildConfiguration section */
		5645BDE42B0AA52900BC50FC /* Debug */ = {
			isa = XCBuildConfiguration;
			buildSettings = {
				ALWAYS_SEARCH_USER_PATHS = NO;
				ASSETCATALOG_COMPILER_GENERATE_SWIFT_ASSET_SYMBOL_EXTENSIONS = YES;
				CLANG_ANALYZER_NONNULL = YES;
				CLANG_ANALYZER_NUMBER_OBJECT_CONVERSION = YES_AGGRESSIVE;
				CLANG_CXX_LANGUAGE_STANDARD = "gnu++20";
				CLANG_ENABLE_MODULES = YES;
				CLANG_ENABLE_OBJC_ARC = YES;
				CLANG_ENABLE_OBJC_WEAK = YES;
				CLANG_WARN_BLOCK_CAPTURE_AUTORELEASING = YES;
				CLANG_WARN_BOOL_CONVERSION = YES;
				CLANG_WARN_COMMA = YES;
				CLANG_WARN_CONSTANT_CONVERSION = YES;
				CLANG_WARN_DEPRECATED_OBJC_IMPLEMENTATIONS = YES;
				CLANG_WARN_DIRECT_OBJC_ISA_USAGE = YES_ERROR;
				CLANG_WARN_DOCUMENTATION_COMMENTS = YES;
				CLANG_WARN_EMPTY_BODY = YES;
				CLANG_WARN_ENUM_CONVERSION = YES;
				CLANG_WARN_INFINITE_RECURSION = YES;
				CLANG_WARN_INT_CONVERSION = YES;
				CLANG_WARN_NON_LITERAL_NULL_CONVERSION = YES;
				CLANG_WARN_OBJC_IMPLICIT_RETAIN_SELF = YES;
				CLANG_WARN_OBJC_LITERAL_CONVERSION = YES;
				CLANG_WARN_OBJC_ROOT_CLASS = YES_ERROR;
				CLANG_WARN_QUOTED_INCLUDE_IN_FRAMEWORK_HEADER = YES;
				CLANG_WARN_RANGE_LOOP_ANALYSIS = YES;
				CLANG_WARN_STRICT_PROTOTYPES = YES;
				CLANG_WARN_SUSPICIOUS_MOVE = YES;
				CLANG_WARN_UNGUARDED_AVAILABILITY = YES_AGGRESSIVE;
				CLANG_WARN_UNREACHABLE_CODE = YES;
				CLANG_WARN__DUPLICATE_METHOD_MATCH = YES;
				COPY_PHASE_STRIP = NO;
				DEBUG_INFORMATION_FORMAT = dwarf;
				ENABLE_STRICT_OBJC_MSGSEND = YES;
				ENABLE_TESTABILITY = YES;
				ENABLE_USER_SCRIPT_SANDBOXING = YES;
				GCC_C_LANGUAGE_STANDARD = gnu17;
				GCC_DYNAMIC_NO_PIC = NO;
				GCC_NO_COMMON_BLOCKS = YES;
				GCC_OPTIMIZATION_LEVEL = 0;
				GCC_PREPROCESSOR_DEFINITIONS = (
					"DEBUG=1",
					"$(inherited)",
				);
				GCC_WARN_64_TO_32_BIT_CONVERSION = YES;
				GCC_WARN_ABOUT_RETURN_TYPE = YES_ERROR;
				GCC_WARN_UNDECLARED_SELECTOR = YES;
				GCC_WARN_UNINITIALIZED_AUTOS = YES_AGGRESSIVE;
				GCC_WARN_UNUSED_FUNCTION = YES;
				GCC_WARN_UNUSED_VARIABLE = YES;
				IPHONEOS_DEPLOYMENT_TARGET = 17.0;
				LOCALIZATION_PREFERS_STRING_CATALOGS = YES;
				MTL_ENABLE_DEBUG_INFO = INCLUDE_SOURCE;
				MTL_FAST_MATH = YES;
				ONLY_ACTIVE_ARCH = YES;
				SDKROOT = iphoneos;
				SWIFT_ACTIVE_COMPILATION_CONDITIONS = "DEBUG $(inherited)";
				SWIFT_OPTIMIZATION_LEVEL = "-Onone";
			};
			name = Debug;
		};
		5645BDE52B0AA52900BC50FC /* Release */ = {
			isa = XCBuildConfiguration;
			buildSettings = {
				ALWAYS_SEARCH_USER_PATHS = NO;
				ASSETCATALOG_COMPILER_GENERATE_SWIFT_ASSET_SYMBOL_EXTENSIONS = YES;
				CLANG_ANALYZER_NONNULL = YES;
				CLANG_ANALYZER_NUMBER_OBJECT_CONVERSION = YES_AGGRESSIVE;
				CLANG_CXX_LANGUAGE_STANDARD = "gnu++20";
				CLANG_ENABLE_MODULES = YES;
				CLANG_ENABLE_OBJC_ARC = YES;
				CLANG_ENABLE_OBJC_WEAK = YES;
				CLANG_WARN_BLOCK_CAPTURE_AUTORELEASING = YES;
				CLANG_WARN_BOOL_CONVERSION = YES;
				CLANG_WARN_COMMA = YES;
				CLANG_WARN_CONSTANT_CONVERSION = YES;
				CLANG_WARN_DEPRECATED_OBJC_IMPLEMENTATIONS = YES;
				CLANG_WARN_DIRECT_OBJC_ISA_USAGE = YES_ERROR;
				CLANG_WARN_DOCUMENTATION_COMMENTS = YES;
				CLANG_WARN_EMPTY_BODY = YES;
				CLANG_WARN_ENUM_CONVERSION = YES;
				CLANG_WARN_INFINITE_RECURSION = YES;
				CLANG_WARN_INT_CONVERSION = YES;
				CLANG_WARN_NON_LITERAL_NULL_CONVERSION = YES;
				CLANG_WARN_OBJC_IMPLICIT_RETAIN_SELF = YES;
				CLANG_WARN_OBJC_LITERAL_CONVERSION = YES;
				CLANG_WARN_OBJC_ROOT_CLASS = YES_ERROR;
				CLANG_WARN_QUOTED_INCLUDE_IN_FRAMEWORK_HEADER = YES;
				CLANG_WARN_RANGE_LOOP_ANALYSIS = YES;
				CLANG_WARN_STRICT_PROTOTYPES = YES;
				CLANG_WARN_SUSPICIOUS_MOVE = YES;
				CLANG_WARN_UNGUARDED_AVAILABILITY = YES_AGGRESSIVE;
				CLANG_WARN_UNREACHABLE_CODE = YES;
				CLANG_WARN__DUPLICATE_METHOD_MATCH = YES;
				COPY_PHASE_STRIP = NO;
				DEBUG_INFORMATION_FORMAT = "dwarf-with-dsym";
				ENABLE_NS_ASSERTIONS = NO;
				ENABLE_STRICT_OBJC_MSGSEND = YES;
				ENABLE_USER_SCRIPT_SANDBOXING = YES;
				GCC_C_LANGUAGE_STANDARD = gnu17;
				GCC_NO_COMMON_BLOCKS = YES;
				GCC_WARN_64_TO_32_BIT_CONVERSION = YES;
				GCC_WARN_ABOUT_RETURN_TYPE = YES_ERROR;
				GCC_WARN_UNDECLARED_SELECTOR = YES;
				GCC_WARN_UNINITIALIZED_AUTOS = YES_AGGRESSIVE;
				GCC_WARN_UNUSED_FUNCTION = YES;
				GCC_WARN_UNUSED_VARIABLE = YES;
				IPHONEOS_DEPLOYMENT_TARGET = 17.0;
				LOCALIZATION_PREFERS_STRING_CATALOGS = YES;
				MTL_ENABLE_DEBUG_INFO = NO;
				MTL_FAST_MATH = YES;
				SDKROOT = iphoneos;
				SWIFT_COMPILATION_MODE = wholemodule;
				VALIDATE_PRODUCT = YES;
			};
			name = Release;
		};
		5645BDE72B0AA52900BC50FC /* Debug */ = {
			isa = XCBuildConfiguration;
			buildSettings = {
				ASSETCATALOG_COMPILER_APPICON_NAME = AppIcon;
				ASSETCATALOG_COMPILER_GLOBAL_ACCENT_COLOR_NAME = AccentColor;
				CODE_SIGN_STYLE = Automatic;
				CURRENT_PROJECT_VERSION = 1;
				DEVELOPMENT_ASSET_PATHS = "\"SwiftUICrypto/Preview Content\"";
				DEVELOPMENT_TEAM = 688ZGR6BUC;
				ENABLE_PREVIEWS = YES;
				GENERATE_INFOPLIST_FILE = YES;
				INFOPLIST_KEY_CFBundleDisplayName = "Crypto Tracker";
				INFOPLIST_KEY_UIApplicationSceneManifest_Generation = YES;
				INFOPLIST_KEY_UIApplicationSupportsIndirectInputEvents = YES;
				INFOPLIST_KEY_UILaunchScreen_Generation = YES;
				INFOPLIST_KEY_UISupportedInterfaceOrientations = UIInterfaceOrientationPortrait;
				IPHONEOS_DEPLOYMENT_TARGET = 15.6;
				LD_RUNPATH_SEARCH_PATHS = (
					"$(inherited)",
					"@executable_path/Frameworks",
				);
				MARKETING_VERSION = 1.0;
				PRODUCT_BUNDLE_IDENTIFIER = com.pulkit1211.testing.SwiftUICrypto;
				PRODUCT_NAME = "$(TARGET_NAME)";
				SUPPORTED_PLATFORMS = "iphoneos iphonesimulator";
				SUPPORTS_MACCATALYST = NO;
				SUPPORTS_MAC_DESIGNED_FOR_IPHONE_IPAD = NO;
				SWIFT_EMIT_LOC_STRINGS = YES;
				SWIFT_VERSION = 5.0;
				TARGETED_DEVICE_FAMILY = "1,2";
			};
			name = Debug;
		};
		5645BDE82B0AA52900BC50FC /* Release */ = {
			isa = XCBuildConfiguration;
			buildSettings = {
				ASSETCATALOG_COMPILER_APPICON_NAME = AppIcon;
				ASSETCATALOG_COMPILER_GLOBAL_ACCENT_COLOR_NAME = AccentColor;
				CODE_SIGN_STYLE = Automatic;
				CURRENT_PROJECT_VERSION = 1;
				DEVELOPMENT_ASSET_PATHS = "\"SwiftUICrypto/Preview Content\"";
				DEVELOPMENT_TEAM = 688ZGR6BUC;
				ENABLE_PREVIEWS = YES;
				GENERATE_INFOPLIST_FILE = YES;
				INFOPLIST_KEY_CFBundleDisplayName = "Crypto Tracker";
				INFOPLIST_KEY_UIApplicationSceneManifest_Generation = YES;
				INFOPLIST_KEY_UIApplicationSupportsIndirectInputEvents = YES;
				INFOPLIST_KEY_UILaunchScreen_Generation = YES;
				INFOPLIST_KEY_UISupportedInterfaceOrientations = UIInterfaceOrientationPortrait;
				IPHONEOS_DEPLOYMENT_TARGET = 15.6;
				LD_RUNPATH_SEARCH_PATHS = (
					"$(inherited)",
					"@executable_path/Frameworks",
				);
				MARKETING_VERSION = 1.0;
				PRODUCT_BUNDLE_IDENTIFIER = com.pulkit1211.testing.SwiftUICrypto;
				PRODUCT_NAME = "$(TARGET_NAME)";
				SUPPORTED_PLATFORMS = "iphoneos iphonesimulator";
				SUPPORTS_MACCATALYST = NO;
				SUPPORTS_MAC_DESIGNED_FOR_IPHONE_IPAD = NO;
				SWIFT_EMIT_LOC_STRINGS = YES;
				SWIFT_VERSION = 5.0;
				TARGETED_DEVICE_FAMILY = "1,2";
			};
			name = Release;
		};
/* End XCBuildConfiguration section */

/* Begin XCConfigurationList section */
		5645BDD32B0AA52700BC50FC /* Build configuration list for PBXProject "SwiftUICrypto" */ = {
			isa = XCConfigurationList;
			buildConfigurations = (
				5645BDE42B0AA52900BC50FC /* Debug */,
				5645BDE52B0AA52900BC50FC /* Release */,
			);
			defaultConfigurationIsVisible = 0;
			defaultConfigurationName = Release;
		};
		5645BDE62B0AA52900BC50FC /* Build configuration list for PBXNativeTarget "SwiftUICrypto" */ = {
			isa = XCConfigurationList;
			buildConfigurations = (
				5645BDE72B0AA52900BC50FC /* Debug */,
				5645BDE82B0AA52900BC50FC /* Release */,
			);
			defaultConfigurationIsVisible = 0;
			defaultConfigurationName = Release;
		};
/* End XCConfigurationList section */

/* Begin XCVersionGroup section */
		5682332C2B19F6A20031EC05 /* PortfolioContainer.xcdatamodeld */ = {
			isa = XCVersionGroup;
			children = (
				5682332D2B19F6A20031EC05 /* PortfolioContainer.xcdatamodel */,
			);
			currentVersion = 5682332D2B19F6A20031EC05 /* PortfolioContainer.xcdatamodel */;
			path = PortfolioContainer.xcdatamodeld;
			sourceTree = "<group>";
			versionGroupType = wrapper.xcdatamodel;
		};
/* End XCVersionGroup section */
	};
	rootObject = 5645BDD02B0AA52700BC50FC /* Project object */;
}
